
Microsoft Visual Studio Solution File, Format Version 12.00
# Visual Studio Version 16
VisualStudioVersion = 16.0.29926.136
MinimumVisualStudioVersion = 10.0.40219.1
Project("{FAE04EC0-301F-11D3-BF4B-00C04F79EFBC}") = "Laboratoria.Android", "Laboratoria\Laboratoria.Android\Laboratoria.Android.csproj", "{F9202CA7-B906-4F60-90B9-521761500AB4}"
EndProject
Project("{FAE04EC0-301F-11D3-BF4B-00C04F79EFBC}") = "Laboratoria.iOS", "Laboratoria\Laboratoria.iOS\Laboratoria.iOS.csproj", "{7DCBC961-FD76-4876-8DA5-F5714272D142}"
EndProject
Project("{FAE04EC0-301F-11D3-BF4B-00C04F79EFBC}") = "Laboratoria", "Laboratoria\Laboratoria\Laboratoria.csproj", "{230948F3-9C51-4034-9296-4A714B1381A6}"
EndProject
Global
	GlobalSection(SolutionConfigurationPlatforms) = preSolution
		Debug|Any CPU = Debug|Any CPU
		Debug|iPhone = Debug|iPhone
		Debug|iPhoneSimulator = Debug|iPhoneSimulator
		Release|Any CPU = Release|Any CPU
		Release|iPhone = Release|iPhone
		Release|iPhoneSimulator = Release|iPhoneSimulator
	EndGlobalSection
	GlobalSection(ProjectConfigurationPlatforms) = postSolution
		{F9202CA7-B906-4F60-90B9-521761500AB4}.Debug|Any CPU.ActiveCfg = Debug|Any CPU
		{F9202CA7-B906-4F60-90B9-521761500AB4}.Debug|Any CPU.Build.0 = Debug|Any CPU
		{F9202CA7-B906-4F60-90B9-521761500AB4}.Debug|Any CPU.Deploy.0 = Debug|Any CPU
		{F9202CA7-B906-4F60-90B9-521761500AB4}.Debug|iPhone.ActiveCfg = Debug|Any CPU
		{F9202CA7-B906-4F60-90B9-521761500AB4}.Debug|iPhone.Build.0 = Debug|Any CPU
		{F9202CA7-B906-4F60-90B9-521761500AB4}.Debug|iPhone.Deploy.0 = Debug|Any CPU
		{F9202CA7-B906-4F60-90B9-521761500AB4}.Debug|iPhoneSimulator.ActiveCfg = Debug|Any CPU
		{F9202CA7-B906-4F60-90B9-521761500AB4}.Debug|iPhoneSimulator.Build.0 = Debug|Any CPU
		{F9202CA7-B906-4F60-90B9-521761500AB4}.Debug|iPhoneSimulator.Deploy.0 = Debug|Any CPU
		{F9202CA7-B906-4F60-90B9-521761500AB4}.Release|Any CPU.ActiveCfg = Release|Any CPU
		{F9202CA7-B906-4F60-90B9-521761500AB4}.Release|Any CPU.Build.0 = Release|Any CPU
		{F9202CA7-B906-4F60-90B9-521761500AB4}.Release|Any CPU.Deploy.0 = Release|Any CPU
		{F9202CA7-B906-4F60-90B9-521761500AB4}.Release|iPhone.ActiveCfg = Release|Any CPU
		{F9202CA7-B906-4F60-90B9-521761500AB4}.Release|iPhone.Build.0 = Release|Any CPU
		{F9202CA7-B906-4F60-90B9-521761500AB4}.Release|iPhone.Deploy.0 = Release|Any CPU
		{F9202CA7-B906-4F60-90B9-521761500AB4}.Release|iPhoneSimulator.ActiveCfg = Release|Any CPU
		{F9202CA7-B906-4F60-90B9-521761500AB4}.Release|iPhoneSimulator.Build.0 = Release|Any CPU
		{F9202CA7-B906-4F60-90B9-521761500AB4}.Release|iPhoneSimulator.Deploy.0 = Release|Any CPU
		{7DCBC961-FD76-4876-8DA5-F5714272D142}.Debug|Any CPU.ActiveCfg = Debug|iPhone
		{7DCBC961-FD76-4876-8DA5-F5714272D142}.Debug|Any CPU.Build.0 = Debug|iPhone
		{7DCBC961-FD76-4876-8DA5-F5714272D142}.Debug|Any CPU.Deploy.0 = Debug|iPhone
		{7DCBC961-FD76-4876-8DA5-F5714272D142}.Debug|iPhone.ActiveCfg = Debug|iPhone
		{7DCBC961-FD76-4876-8DA5-F5714272D142}.Debug|iPhone.Build.0 = Debug|iPhone
		{7DCBC961-FD76-4876-8DA5-F5714272D142}.Debug|iPhone.Deploy.0 = Debug|iPhone
		{7DCBC961-FD76-4876-8DA5-F5714272D142}.Debug|iPhoneSimulator.ActiveCfg = Debug|iPhoneSimulator
		{7DCBC961-FD76-4876-8DA5-F5714272D142}.Debug|iPhoneSimulator.Build.0 = Debug|iPhoneSimulator
		{7DCBC961-FD76-4876-8DA5-F5714272D142}.Debug|iPhoneSimulator.Deploy.0 = Debug|iPhoneSimulator
		{7DCBC961-FD76-4876-8DA5-F5714272D142}.Release|Any CPU.ActiveCfg = Release|iPhone
		{7DCBC961-FD76-4876-8DA5-F5714272D142}.Release|Any CPU.Build.0 = Release|iPhone
		{7DCBC961-FD76-4876-8DA5-F5714272D142}.Release|Any CPU.Deploy.0 = Release|iPhone
		{7DCBC961-FD76-4876-8DA5-F5714272D142}.Release|iPhone.ActiveCfg = Release|iPhone
		{7DCBC961-FD76-4876-8DA5-F5714272D142}.Release|iPhone.Build.0 = Release|iPhone
		{7DCBC961-FD76-4876-8DA5-F5714272D142}.Release|iPhone.Deploy.0 = Release|iPhone
		{7DCBC961-FD76-4876-8DA5-F5714272D142}.Release|iPhoneSimulator.ActiveCfg = Release|iPhoneSimulator
		{7DCBC961-FD76-4876-8DA5-F5714272D142}.Release|iPhoneSimulator.Build.0 = Release|iPhoneSimulator
		{7DCBC961-FD76-4876-8DA5-F5714272D142}.Release|iPhoneSimulator.Deploy.0 = Release|iPhoneSimulator
		{230948F3-9C51-4034-9296-4A714B1381A6}.Debug|Any CPU.ActiveCfg = Debug|Any CPU
		{230948F3-9C51-4034-9296-4A714B1381A6}.Debug|Any CPU.Build.0 = Debug|Any CPU
		{230948F3-9C51-4034-9296-4A714B1381A6}.Debug|Any CPU.Deploy.0 = Debug|Any CPU
		{230948F3-9C51-4034-9296-4A714B1381A6}.Debug|iPhone.ActiveCfg = Debug|Any CPU
		{230948F3-9C51-4034-9296-4A714B1381A6}.Debug|iPhone.Build.0 = Debug|Any CPU
		{230948F3-9C51-4034-9296-4A714B1381A6}.Debug|iPhone.Deploy.0 = Debug|Any CPU
		{230948F3-9C51-4034-9296-4A714B1381A6}.Debug|iPhoneSimulator.ActiveCfg = Debug|Any CPU
		{230948F3-9C51-4034-9296-4A714B1381A6}.Debug|iPhoneSimulator.Build.0 = Debug|Any CPU
		{230948F3-9C51-4034-9296-4A714B1381A6}.Debug|iPhoneSimulator.Deploy.0 = Debug|Any CPU
		{230948F3-9C51-4034-9296-4A714B1381A6}.Release|Any CPU.ActiveCfg = Release|Any CPU
		{230948F3-9C51-4034-9296-4A714B1381A6}.Release|Any CPU.Build.0 = Release|Any CPU
		{230948F3-9C51-4034-9296-4A714B1381A6}.Release|Any CPU.Deploy.0 = Release|Any CPU
		{230948F3-9C51-4034-9296-4A714B1381A6}.Release|iPhone.ActiveCfg = Release|Any CPU
		{230948F3-9C51-4034-9296-4A714B1381A6}.Release|iPhone.Build.0 = Release|Any CPU
		{230948F3-9C51-4034-9296-4A714B1381A6}.Release|iPhone.Deploy.0 = Release|Any CPU
		{230948F3-9C51-4034-9296-4A714B1381A6}.Release|iPhoneSimulator.ActiveCfg = Release|Any CPU
		{230948F3-9C51-4034-9296-4A714B1381A6}.Release|iPhoneSimulator.Build.0 = Release|Any CPU
		{230948F3-9C51-4034-9296-4A714B1381A6}.Release|iPhoneSimulator.Deploy.0 = Release|Any CPU
	EndGlobalSection
	GlobalSection(SolutionProperties) = preSolution
		HideSolutionNode = FALSE
	EndGlobalSection
	GlobalSection(ExtensibilityGlobals) = postSolution
		SolutionGuid = {7DABC616-192F-4495-90D5-1357FE209E4F}
	EndGlobalSection
EndGlobal
